
Microsoft Visual Studio Solution File, Format Version 12.00
# Visual Studio 2012
Project("{E24C65DC-7377-472B-9ABA-BC803B73C61A}") = "Umbraco_ACP", "http://localhost/Umbraco_ACP", "{27CD8276-325C-4112-A961-789C745C5A2D}"
	ProjectSection(WebsiteProperties) = preProject
		UseIISExpress = "false"
		TargetFrameworkMoniker = ".NETFramework,Version%3Dv4.0"
		Debug.AspNetCompiler.VirtualPath = "/Umbraco_ACP"
		Debug.AspNetCompiler.PhysicalPath = "..\Umbraco_ACP\"
		Debug.AspNetCompiler.TargetPath = "PrecompiledWeb\Umbraco_ACP\"
		Debug.AspNetCompiler.Updateable = "true"
		Debug.AspNetCompiler.ForceOverwrite = "true"
		Debug.AspNetCompiler.FixedNames = "false"
		Debug.AspNetCompiler.Debug = "True"
		Release.AspNetCompiler.VirtualPath = "/Umbraco_ACP"
		Release.AspNetCompiler.PhysicalPath = "..\Umbraco_ACP\"
		Release.AspNetCompiler.TargetPath = "PrecompiledWeb\Umbraco_ACP\"
		Release.AspNetCompiler.Updateable = "true"
		Release.AspNetCompiler.ForceOverwrite = "true"
		Release.AspNetCompiler.FixedNames = "false"
		Release.AspNetCompiler.Debug = "False"
		SlnRelativePath = "..\Umbraco_ACP\"
	EndProjectSection
EndProject
Global
	GlobalSection(SolutionConfigurationPlatforms) = preSolution
		Debug|Any CPU = Debug|Any CPU
	EndGlobalSection
	GlobalSection(ProjectConfigurationPlatforms) = postSolution
		{27CD8276-325C-4112-A961-789C745C5A2D}.Debug|Any CPU.ActiveCfg = Debug|Any CPU
		{27CD8276-325C-4112-A961-789C745C5A2D}.Debug|Any CPU.Build.0 = Debug|Any CPU
	EndGlobalSection
	GlobalSection(SolutionProperties) = preSolution
		HideSolutionNode = FALSE
	EndGlobalSection
EndGlobal
